
Microsoft Visual Studio Solution File, Format Version 12.00
# Visual Studio Version 17
VisualStudioVersion = 17.10.34916.146
MinimumVisualStudioVersion = 10.0.40219.1
Project("{FAE04EC0-301F-11D3-BF4B-00C04F79EFBC}") = "calculator", "calculator\calculator.csproj", "{40C91F28-FF53-4168-BD1C-BF5A74DF456F}"
EndProject
Global
	GlobalSection(SolutionConfigurationPlatforms) = preSolution
		Debug|Any CPU = Debug|Any CPU
		Release|Any CPU = Release|Any CPU
	EndGlobalSection
	GlobalSection(ProjectConfigurationPlatforms) = postSolution
		{40C91F28-FF53-4168-BD1C-BF5A74DF456F}.Debug|Any CPU.ActiveCfg = Debug|Any CPU
		{40C91F28-FF53-4168-BD1C-BF5A74DF456F}.Debug|Any CPU.Build.0 = Debug|Any CPU
		{40C91F28-FF53-4168-BD1C-BF5A74DF456F}.Release|Any CPU.ActiveCfg = Release|Any CPU
		{40C91F28-FF53-4168-BD1C-BF5A74DF456F}.Release|Any CPU.Build.0 = Release|Any CPU
	EndGlobalSection
	GlobalSection(SolutionProperties) = preSolution
		HideSolutionNode = FALSE
	EndGlobalSection
	GlobalSection(ExtensibilityGlobals) = postSolution
		SolutionGuid = {8AD66729-4151-49CC-A12F-A98E9D715187}
	EndGlobalSection
EndGlobal
